
Microsoft Visual Studio Solution File, Format Version 12.00
# Visual Studio Version 17
VisualStudioVersion = 17.7.34031.279
MinimumVisualStudioVersion = 10.0.40219.1
Project("{9A19103F-16F7-4668-BE54-9A1E7A4F7556}") = "Forum", "Forum\Forum.csproj", "{62402591-5096-413F-9C2D-8BE95644DA85}"
EndProject
Project("{9A19103F-16F7-4668-BE54-9A1E7A4F7556}") = "xUnitTestForum", "xUnitTestForum\xUnitTestForum.csproj", "{E9445CEF-C981-42F9-96D7-A1820FF687EE}"
EndProject
Global
	GlobalSection(SolutionConfigurationPlatforms) = preSolution
		Debug|Any CPU = Debug|Any CPU
		Release|Any CPU = Release|Any CPU
	EndGlobalSection
	GlobalSection(ProjectConfigurationPlatforms) = postSolution
		{62402591-5096-413F-9C2D-8BE95644DA85}.Debug|Any CPU.ActiveCfg = Debug|Any CPU
		{62402591-5096-413F-9C2D-8BE95644DA85}.Debug|Any CPU.Build.0 = Debug|Any CPU
		{62402591-5096-413F-9C2D-8BE95644DA85}.Release|Any CPU.ActiveCfg = Release|Any CPU
		{62402591-5096-413F-9C2D-8BE95644DA85}.Release|Any CPU.Build.0 = Release|Any CPU
		{E9445CEF-C981-42F9-96D7-A1820FF687EE}.Debug|Any CPU.ActiveCfg = Debug|Any CPU
		{E9445CEF-C981-42F9-96D7-A1820FF687EE}.Debug|Any CPU.Build.0 = Debug|Any CPU
		{E9445CEF-C981-42F9-96D7-A1820FF687EE}.Release|Any CPU.ActiveCfg = Release|Any CPU
		{E9445CEF-C981-42F9-96D7-A1820FF687EE}.Release|Any CPU.Build.0 = Release|Any CPU
	EndGlobalSection
	GlobalSection(SolutionProperties) = preSolution
		HideSolutionNode = FALSE
	EndGlobalSection
	GlobalSection(ExtensibilityGlobals) = postSolution
		SolutionGuid = {BC3F9339-EA11-47D3-A934-5FE9BBF44743}
	EndGlobalSection
EndGlobal
